# This file is autogenerated, do not edit; changes may be undone by the next 'dep ensure'.


[[projects]]
  name = "github.com/asaskevich/govalidator"
  packages = ["."]
  revision = "ccb8e960c48f04d6935e72476ae4a51028f9e22f"
  version = "v9"

[[projects]]
  name = "github.com/dgrijalva/jwt-go"
  packages = ["."]
  revision = "06ea1031745cb8b3dab3f6a236daf2b0aa468b7e"
  version = "v3.2.0"

[[projects]]
  name = "github.com/gorilla/context"
  packages = ["."]
  revision = "08b5f424b9271eedf6f9f0ce86cb9396ed337a42"
  version = "v1.1.1"

[[projects]]
  name = "github.com/gorilla/mux"
  packages = ["."]
  revision = "e3702bed27f0d39777b0b37b664b6280e8ef8fbf"
  version = "v1.6.2"

[[projects]]
  name = "github.com/gorilla/securecookie"
  packages = ["."]
  revision = "e59506cc896acb7f7bf732d4fdf5e25f7ccd8983"
  version = "v1.1.1"

[[projects]]
  name = "github.com/gorilla/sessions"
  packages = ["."]
  revision = "ca9ada44574153444b00d3fd9c8559e4cc95f896"
  version = "v1.1"

[[projects]]
  name = "github.com/gosimple/slug"
  packages = ["."]
  revision = "e9f42fa127660e552d0ad2b589868d403a9be7c6"
  version = "v1.1.1"

[[projects]]
  branch = "master"
  name = "github.com/jinzhu/copier"
  packages = ["."]
  revision = "7e38e58719c33e0d44d585c4ab477a30f8cb82dd"

[[projects]]
  name = "github.com/jinzhu/gorm"
  packages = [
    ".",
    "dialects/sqlite"
  ]
  revision = "6ed508ec6a4ecb3531899a69cbc746ccf65a4166"
  version = "v1.9.1"

[[projects]]
  branch = "master"
  name = "github.com/jinzhu/inflection"
  packages = ["."]
  revision = "04140366298a54a039076d798123ffa108fff46c"

[[projects]]
  branch = "master"
  name = "github.com/jinzhu/now"
  packages = ["."]
  revision = "ed742868f2aebdb1c0c437bf4f7257f88834b66f"

[[projects]]
  name = "github.com/kr/pretty"
  packages = ["."]
  revision = "73f6ac0b30a98e433b289500d779f50c1a6f0712"
  version = "v0.1.0"

[[projects]]
  name = "github.com/kr/text"
  packages = ["."]
  revision = "e2ffdb16a802fe2bb95e2e35ff34f0e53aeef34f"
  version = "v0.1.0"

[[projects]]
  name = "github.com/mattn/go-sqlite3"
  packages = ["."]
  revision = "323a32be5a2421b8c7087225079c6c900ec397cd"
  version = "v1.7.0"

[[projects]]
  branch = "master"
  name = "github.com/microcosm-cc/bluemonday"
  packages = ["."]
  revision = "995366fdf961d03629cd17361bddd32745718e2c"

[[projects]]
  branch = "master"
  name = "github.com/qor/admin"
  packages = ["."]
  revision = "138548ee992b3b70c9e75e81f9aaa1744d49adfe"

[[projects]]
  branch = "master"
  name = "github.com/qor/assetfs"
  packages = ["."]
  revision = "ff57fdc13a148d39c3e930cb27c7eaf82e376891"

[[projects]]
  branch = "master"
  name = "github.com/qor/auth"
  packages = [
    ".",
    "auth_identity",
    "claims",
    "providers/password",
    "providers/password/encryptor",
    "providers/password/encryptor/bcrypt_encryptor"
  ]
  revision = "d0a475c04fd9ead5301ed7de9cc65776f58a4c87"

[[projects]]
  branch = "master"
  name = "github.com/qor/auth_themes"
  packages = ["clean"]
  revision = "d9aac462ad967a5bd0aa7a0e96803e236e23e919"

[[projects]]
  name = "github.com/qor/cache"
  packages = [
    ".",
    "memory"
  ]
  revision = "c9d48d1f13ba2e1ad06a3f8d55be7ea3edf2d0c4"

[[projects]]
  name = "github.com/qor/i18n"
  packages = [
    ".",
    "backends/yaml"
  ]
  revision = "05c1410442e98ca000ba87e9ad7fda109143bf8f"

[[projects]]
  branch = "master"
  name = "github.com/qor/mailer"
  packages = [
    ".",
    "logger"
  ]
  revision = "0555e49f99acf5467a77747fc855d7e005d902c1"

[[projects]]
  branch = "master"
  name = "github.com/qor/middlewares"
  packages = ["."]
  revision = "781378b69454a545d08058d8154aca40d079e7ab"

[[projects]]
  name = "github.com/qor/qor"
  packages = [
    ".",
    "resource",
    "utils"
  ]
  revision = "1c17696527773fa844a809b0ff06f79559f4d336"

[[projects]]
  branch = "master"
  name = "github.com/qor/redirect_back"
  packages = ["."]
  revision = "b4161ed6f84819fb3a2d13d5c9e6872ef76d8128"

[[projects]]
  branch = "master"
  name = "github.com/qor/render"
  packages = ["."]
  revision = "63566e46f01b134ae9882a59a06518e82a903231"

[[projects]]
  name = "github.com/qor/responder"
  packages = ["."]
  revision = "ecae0be66c1a6a441001b0b5eeef51f8bc27d42a"
  version = "v1.0"

[[projects]]
  branch = "master"
  name = "github.com/qor/roles"
  packages = ["."]
  revision = "d6375609fe3e5da46ad3a574fae244fb633e79c1"

[[projects]]
  branch = "master"
  name = "github.com/qor/session"
  packages = [
    ".",
    "gorilla",
    "manager"
  ]
  revision = "8206b0adab706a6ef3ee6fabba2584d34429a26a"

[[projects]]
  name = "github.com/qor/validations"
  packages = ["."]
  revision = "f364bca61b46bd48a5e32552a37758864fdf005d"

[[projects]]
  branch = "master"
  name = "github.com/rainycape/unidecode"
  packages = ["."]
  revision = "cb7f23ec59bec0d61b19c56cd88cee3d0cc1870c"

[[projects]]
  branch = "master"
  name = "github.com/theplant/cldr"
  packages = ["."]
  revision = "b97a4c2a76cf8ba21d1cb8ed2f4c8ee103371e2d"

[[projects]]
  branch = "master"
  name = "go4.org"
  packages = [
    "reflectutil",
    "sort"
  ]
  revision = "9599cf28b011184741f249bd9f9330756b506cbc"

[[projects]]
  branch = "master"
  name = "golang.org/x/crypto"
  packages = [
    "bcrypt",
    "blowfish"
  ]
  revision = "df8d4716b3472e4a531c33cedbe537dae921a1a9"

[[projects]]
  branch = "master"
  name = "golang.org/x/net"
  packages = [
    "html",
    "html/atom"
  ]
  revision = "1e491301e022f8f977054da4c2d852decd59571f"

[[projects]]
  name = "golang.org/x/text"
  packages = [
    "internal/gen",
    "unicode/cldr"
  ]
  revision = "f21a4dfb5e38f5895301dc265a8def02365cc3d0"
  version = "v0.3.0"

[[projects]]
  name = "gopkg.in/yaml.v2"
  packages = ["."]
  revision = "5420a8b6744d3b0345ab293f6fcba19c978f1183"
  version = "v2.2.1"

[solve-meta]
  analyzer-name = "dep"
  analyzer-version = 1
  inputs-digest = "b8f4fad77a8b2c9509a98574f6a7ba88aeb7eea4bdb36c9d47234a1a8f18ea77"
  solver-name = "gps-cdcl"
  solver-version = 1
